{
          "name": "react-component",
          "version": "0.0.0",
          "lockfileVersion": 2,
          "requires": true,
          "packages": {
                    "": {
                              "name": "react-component",
                              "version": "0.0.0",
                              "license": "MIT",
                              "devDependencies": {
                                        "react-component-skeleton": "^0.0.13"
                              },
                              "engines": {
                                        "node": ">= 5.2.0"
                              }
                    },
                    "node_modules/react-component-skeleton": {
                              "version": "0.0.13",
                              "resolved": "https://registry.npmjs.org/react-component-skeleton/-/react-component-skeleton-0.0.13.tgz",
                              "integrity": "sha512-R0I1iEaIcx4MnZhMRnASELqUzaNfBWuvv+pSwVl+RrOYCxmC5UPmXL9z9rXvCK4yYUZO/3KibhARGxXjCiM0XA==",
                              "dev": true,
                              "engines": {
                                        "node": ">= 5.2.0"
                              }
                    }
          },
          "dependencies": {
                    "react-component-skeleton": {
                              "version": "0.0.13",
                              "resolved": "https://registry.npmjs.org/react-component-skeleton/-/react-component-skeleton-0.0.13.tgz",
                              "integrity": "sha512-R0I1iEaIcx4MnZhMRnASELqUzaNfBWuvv+pSwVl+RrOYCxmC5UPmXL9z9rXvCK4yYUZO/3KibhARGxXjCiM0XA==",
                              "dev": true
                    }
          }
}
